{
    "_readme": [
        "This file locks the dependencies of your project to a known state",
        "Read more about it at https://getcomposer.org/doc/01-basic-usage.md#installing-dependencies",
        "This file is @generated automatically"
    ],
    "content-hash": "f923f97043e6ea10194af6fb7c58b19c",
    "packages": [
        {
            "name": "jefferson49/webtrees-common",
            "version": "1.0.0",
            "source": {
                "type": "git",
                "url": "https://github.com/Jefferson49/webtrees-common.git",
                "reference": "a313662a39d131fd4ccc5ff2f106994dda462080"
            },
            "require": {
                "php": ">=7.4"
            },
            "type": "library",
            "license": [
                "GPL-3.0"
            ],
            "description": "Library to share common code between webtrees custom modules",
            "keywords": [
                "custom-module",
                "webtree-module",
                "webtrees"
            ],
            "time": "2024-12-15T04:39:02+00:00"
        }
    ],
    "packages-dev": [],
    "aliases": [],
    "minimum-stability": "stable",
    "stability-flags": {},
    "prefer-stable": false,
    "prefer-lowest": false,
    "platform": {},
    "platform-dev": {},
    "plugin-api-version": "2.6.0"
}
